{
    "_meta": {
        "hash": {
            "sha256": "d3551e42cd044a66dece007c0c14e4db8a8e0ac51891fc5a3925ab04879e3e70"
        },
        "pipfile-spec": 6,
        "requires": {
            "python_version": "3.6"
        },
        "sources": [
            {
                "name": "pypi",
                "url": "https://pypi.org/simple",
                "verify_ssl": true
            }
        ]
    },
    "default": {},
    "develop": {
        "cram": {
            "hashes": [
                "sha256:008e4e8b4d325cf040964b5f62460535b004a7bc816d54f8527a4d299edfe4a3",
                "sha256:7da7445af2ce15b90aad5ec4792f857cef5786d71f14377e9eb994d8b8337f2f"
            ],
            "index": "pypi",
            "version": "==0.7"
        }
    }
}
